
Microsoft Visual Studio Solution File, Format Version 12.00
# Visual Studio Version 17
VisualStudioVersion = 17.0.31903.59
MinimumVisualStudioVersion = 10.0.40219.1
Project("{2150E333-8FDC-42A3-9474-1A3956D46DE8}") = "src", "src", "{827E0CD3-B72D-47B6-A68D-7590B98EB39B}"
EndProject
Project("{FAE04EC0-301F-11D3-BF4B-00C04F79EFBC}") = "SearchRepoGitHub.API", "src\SearchRepoGitHub.API\SearchRepoGitHub.API.csproj", "{497E6685-B542-4E00-983E-9E4C3C04157A}"
EndProject
Project("{FAE04EC0-301F-11D3-BF4B-00C04F79EFBC}") = "SearchRepoGitHub.Domain", "src\SearchRepoGitHub.Domain\SearchRepoGitHub.Domain.csproj", "{EFFF1C5C-E960-4A17-AC83-9C61B38DAC47}"
EndProject
Project("{FAE04EC0-301F-11D3-BF4B-00C04F79EFBC}") = "SearchRepoGitHub.Application", "src\SearchRepoGitHub.Application\SearchRepoGitHub.Application.csproj", "{0E2A044E-95F0-4CB1-87DB-49617E83306E}"
EndProject
Project("{FAE04EC0-301F-11D3-BF4B-00C04F79EFBC}") = "SearchRepoGitHub.Infrastructure", "src\SearchRepoGitHub.Infrastructure\SearchRepoGitHub.Infrastructure.csproj", "{0E4CCB10-D417-4384-94E7-1A6ADFA1DD78}"
EndProject
Project("{2150E333-8FDC-42A3-9474-1A3956D46DE8}") = "tests", "tests", "{0AB3BF05-4346-4AA6-1389-037BE0695223}"
EndProject
Project("{FAE04EC0-301F-11D3-BF4B-00C04F79EFBC}") = "SearchRepoGitHub.Domain.Tests", "tests\SearchRepoGitHub.Domain.Tests\SearchRepoGitHub.Domain.Tests.csproj", "{F060CB22-A808-4EB3-A75A-5D9D4E612AAC}"
EndProject
Project("{FAE04EC0-301F-11D3-BF4B-00C04F79EFBC}") = "SearchRepoGitHub.Application.Tests", "tests\SearchRepoGitHub.Application.Tests\SearchRepoGitHub.Application.Tests.csproj", "{EFEE038B-1E56-4192-9794-46DB03CDFADC}"
EndProject
Project("{FAE04EC0-301F-11D3-BF4B-00C04F79EFBC}") = "SearchRepoGitHub.API.Tests", "tests\SearchRepoGitHub.API.Tests\SearchRepoGitHub.API.Tests.csproj", "{8C5B9AC4-43E1-4B42-917B-DCB190A67E23}"
EndProject
Global
	GlobalSection(SolutionConfigurationPlatforms) = preSolution
		Debug|Any CPU = Debug|Any CPU
		Debug|x64 = Debug|x64
		Debug|x86 = Debug|x86
		Release|Any CPU = Release|Any CPU
		Release|x64 = Release|x64
		Release|x86 = Release|x86
	EndGlobalSection
	GlobalSection(ProjectConfigurationPlatforms) = postSolution
		{497E6685-B542-4E00-983E-9E4C3C04157A}.Debug|Any CPU.ActiveCfg = Debug|Any CPU
		{497E6685-B542-4E00-983E-9E4C3C04157A}.Debug|Any CPU.Build.0 = Debug|Any CPU
		{497E6685-B542-4E00-983E-9E4C3C04157A}.Debug|x64.ActiveCfg = Debug|Any CPU
		{497E6685-B542-4E00-983E-9E4C3C04157A}.Debug|x64.Build.0 = Debug|Any CPU
		{497E6685-B542-4E00-983E-9E4C3C04157A}.Debug|x86.ActiveCfg = Debug|Any CPU
		{497E6685-B542-4E00-983E-9E4C3C04157A}.Debug|x86.Build.0 = Debug|Any CPU
		{497E6685-B542-4E00-983E-9E4C3C04157A}.Release|Any CPU.ActiveCfg = Release|Any CPU
		{497E6685-B542-4E00-983E-9E4C3C04157A}.Release|Any CPU.Build.0 = Release|Any CPU
		{497E6685-B542-4E00-983E-9E4C3C04157A}.Release|x64.ActiveCfg = Release|Any CPU
		{497E6685-B542-4E00-983E-9E4C3C04157A}.Release|x64.Build.0 = Release|Any CPU
		{497E6685-B542-4E00-983E-9E4C3C04157A}.Release|x86.ActiveCfg = Release|Any CPU
		{497E6685-B542-4E00-983E-9E4C3C04157A}.Release|x86.Build.0 = Release|Any CPU
		{EFFF1C5C-E960-4A17-AC83-9C61B38DAC47}.Debug|Any CPU.ActiveCfg = Debug|Any CPU
		{EFFF1C5C-E960-4A17-AC83-9C61B38DAC47}.Debug|Any CPU.Build.0 = Debug|Any CPU
		{EFFF1C5C-E960-4A17-AC83-9C61B38DAC47}.Debug|x64.ActiveCfg = Debug|Any CPU
		{EFFF1C5C-E960-4A17-AC83-9C61B38DAC47}.Debug|x64.Build.0 = Debug|Any CPU
		{EFFF1C5C-E960-4A17-AC83-9C61B38DAC47}.Debug|x86.ActiveCfg = Debug|Any CPU
		{EFFF1C5C-E960-4A17-AC83-9C61B38DAC47}.Debug|x86.Build.0 = Debug|Any CPU
		{EFFF1C5C-E960-4A17-AC83-9C61B38DAC47}.Release|Any CPU.ActiveCfg = Release|Any CPU
		{EFFF1C5C-E960-4A17-AC83-9C61B38DAC47}.Release|Any CPU.Build.0 = Release|Any CPU
		{EFFF1C5C-E960-4A17-AC83-9C61B38DAC47}.Release|x64.ActiveCfg = Release|Any CPU
		{EFFF1C5C-E960-4A17-AC83-9C61B38DAC47}.Release|x64.Build.0 = Release|Any CPU
		{EFFF1C5C-E960-4A17-AC83-9C61B38DAC47}.Release|x86.ActiveCfg = Release|Any CPU
		{EFFF1C5C-E960-4A17-AC83-9C61B38DAC47}.Release|x86.Build.0 = Release|Any CPU
		{0E2A044E-95F0-4CB1-87DB-49617E83306E}.Debug|Any CPU.ActiveCfg = Debug|Any CPU
		{0E2A044E-95F0-4CB1-87DB-49617E83306E}.Debug|Any CPU.Build.0 = Debug|Any CPU
		{0E2A044E-95F0-4CB1-87DB-49617E83306E}.Debug|x64.ActiveCfg = Debug|Any CPU
		{0E2A044E-95F0-4CB1-87DB-49617E83306E}.Debug|x64.Build.0 = Debug|Any CPU
		{0E2A044E-95F0-4CB1-87DB-49617E83306E}.Debug|x86.ActiveCfg = Debug|Any CPU
		{0E2A044E-95F0-4CB1-87DB-49617E83306E}.Debug|x86.Build.0 = Debug|Any CPU
		{0E2A044E-95F0-4CB1-87DB-49617E83306E}.Release|Any CPU.ActiveCfg = Release|Any CPU
		{0E2A044E-95F0-4CB1-87DB-49617E83306E}.Release|Any CPU.Build.0 = Release|Any CPU
		{0E2A044E-95F0-4CB1-87DB-49617E83306E}.Release|x64.ActiveCfg = Release|Any CPU
		{0E2A044E-95F0-4CB1-87DB-49617E83306E}.Release|x64.Build.0 = Release|Any CPU
		{0E2A044E-95F0-4CB1-87DB-49617E83306E}.Release|x86.ActiveCfg = Release|Any CPU
		{0E2A044E-95F0-4CB1-87DB-49617E83306E}.Release|x86.Build.0 = Release|Any CPU
		{0E4CCB10-D417-4384-94E7-1A6ADFA1DD78}.Debug|Any CPU.ActiveCfg = Debug|Any CPU
		{0E4CCB10-D417-4384-94E7-1A6ADFA1DD78}.Debug|Any CPU.Build.0 = Debug|Any CPU
		{0E4CCB10-D417-4384-94E7-1A6ADFA1DD78}.Debug|x64.ActiveCfg = Debug|Any CPU
		{0E4CCB10-D417-4384-94E7-1A6ADFA1DD78}.Debug|x64.Build.0 = Debug|Any CPU
		{0E4CCB10-D417-4384-94E7-1A6ADFA1DD78}.Debug|x86.ActiveCfg = Debug|Any CPU
		{0E4CCB10-D417-4384-94E7-1A6ADFA1DD78}.Debug|x86.Build.0 = Debug|Any CPU
		{0E4CCB10-D417-4384-94E7-1A6ADFA1DD78}.Release|Any CPU.ActiveCfg = Release|Any CPU
		{0E4CCB10-D417-4384-94E7-1A6ADFA1DD78}.Release|Any CPU.Build.0 = Release|Any CPU
		{0E4CCB10-D417-4384-94E7-1A6ADFA1DD78}.Release|x64.ActiveCfg = Release|Any CPU
		{0E4CCB10-D417-4384-94E7-1A6ADFA1DD78}.Release|x64.Build.0 = Release|Any CPU
		{0E4CCB10-D417-4384-94E7-1A6ADFA1DD78}.Release|x86.ActiveCfg = Release|Any CPU
		{0E4CCB10-D417-4384-94E7-1A6ADFA1DD78}.Release|x86.Build.0 = Release|Any CPU
		{F060CB22-A808-4EB3-A75A-5D9D4E612AAC}.Debug|Any CPU.ActiveCfg = Debug|Any CPU
		{F060CB22-A808-4EB3-A75A-5D9D4E612AAC}.Debug|Any CPU.Build.0 = Debug|Any CPU
		{F060CB22-A808-4EB3-A75A-5D9D4E612AAC}.Debug|x64.ActiveCfg = Debug|Any CPU
		{F060CB22-A808-4EB3-A75A-5D9D4E612AAC}.Debug|x64.Build.0 = Debug|Any CPU
		{F060CB22-A808-4EB3-A75A-5D9D4E612AAC}.Debug|x86.ActiveCfg = Debug|Any CPU
		{F060CB22-A808-4EB3-A75A-5D9D4E612AAC}.Debug|x86.Build.0 = Debug|Any CPU
		{F060CB22-A808-4EB3-A75A-5D9D4E612AAC}.Release|Any CPU.ActiveCfg = Release|Any CPU
		{F060CB22-A808-4EB3-A75A-5D9D4E612AAC}.Release|Any CPU.Build.0 = Release|Any CPU
		{F060CB22-A808-4EB3-A75A-5D9D4E612AAC}.Release|x64.ActiveCfg = Release|Any CPU
		{F060CB22-A808-4EB3-A75A-5D9D4E612AAC}.Release|x64.Build.0 = Release|Any CPU
		{F060CB22-A808-4EB3-A75A-5D9D4E612AAC}.Release|x86.ActiveCfg = Release|Any CPU
		{F060CB22-A808-4EB3-A75A-5D9D4E612AAC}.Release|x86.Build.0 = Release|Any CPU
		{EFEE038B-1E56-4192-9794-46DB03CDFADC}.Debug|Any CPU.ActiveCfg = Debug|Any CPU
		{EFEE038B-1E56-4192-9794-46DB03CDFADC}.Debug|Any CPU.Build.0 = Debug|Any CPU
		{EFEE038B-1E56-4192-9794-46DB03CDFADC}.Debug|x64.ActiveCfg = Debug|Any CPU
		{EFEE038B-1E56-4192-9794-46DB03CDFADC}.Debug|x64.Build.0 = Debug|Any CPU
		{EFEE038B-1E56-4192-9794-46DB03CDFADC}.Debug|x86.ActiveCfg = Debug|Any CPU
		{EFEE038B-1E56-4192-9794-46DB03CDFADC}.Debug|x86.Build.0 = Debug|Any CPU
		{EFEE038B-1E56-4192-9794-46DB03CDFADC}.Release|Any CPU.ActiveCfg = Release|Any CPU
		{EFEE038B-1E56-4192-9794-46DB03CDFADC}.Release|Any CPU.Build.0 = Release|Any CPU
		{EFEE038B-1E56-4192-9794-46DB03CDFADC}.Release|x64.ActiveCfg = Release|Any CPU
		{EFEE038B-1E56-4192-9794-46DB03CDFADC}.Release|x64.Build.0 = Release|Any CPU
		{EFEE038B-1E56-4192-9794-46DB03CDFADC}.Release|x86.ActiveCfg = Release|Any CPU
		{EFEE038B-1E56-4192-9794-46DB03CDFADC}.Release|x86.Build.0 = Release|Any CPU
		{8C5B9AC4-43E1-4B42-917B-DCB190A67E23}.Debug|Any CPU.ActiveCfg = Debug|Any CPU
		{8C5B9AC4-43E1-4B42-917B-DCB190A67E23}.Debug|Any CPU.Build.0 = Debug|Any CPU
		{8C5B9AC4-43E1-4B42-917B-DCB190A67E23}.Debug|x64.ActiveCfg = Debug|Any CPU
		{8C5B9AC4-43E1-4B42-917B-DCB190A67E23}.Debug|x64.Build.0 = Debug|Any CPU
		{8C5B9AC4-43E1-4B42-917B-DCB190A67E23}.Debug|x86.ActiveCfg = Debug|Any CPU
		{8C5B9AC4-43E1-4B42-917B-DCB190A67E23}.Debug|x86.Build.0 = Debug|Any CPU
		{8C5B9AC4-43E1-4B42-917B-DCB190A67E23}.Release|Any CPU.ActiveCfg = Release|Any CPU
		{8C5B9AC4-43E1-4B42-917B-DCB190A67E23}.Release|Any CPU.Build.0 = Release|Any CPU
		{8C5B9AC4-43E1-4B42-917B-DCB190A67E23}.Release|x64.ActiveCfg = Release|Any CPU
		{8C5B9AC4-43E1-4B42-917B-DCB190A67E23}.Release|x64.Build.0 = Release|Any CPU
		{8C5B9AC4-43E1-4B42-917B-DCB190A67E23}.Release|x86.ActiveCfg = Release|Any CPU
		{8C5B9AC4-43E1-4B42-917B-DCB190A67E23}.Release|x86.Build.0 = Release|Any CPU
	EndGlobalSection
	GlobalSection(SolutionProperties) = preSolution
		HideSolutionNode = FALSE
	EndGlobalSection
	GlobalSection(NestedProjects) = preSolution
		{497E6685-B542-4E00-983E-9E4C3C04157A} = {827E0CD3-B72D-47B6-A68D-7590B98EB39B}
		{EFFF1C5C-E960-4A17-AC83-9C61B38DAC47} = {827E0CD3-B72D-47B6-A68D-7590B98EB39B}
		{0E2A044E-95F0-4CB1-87DB-49617E83306E} = {827E0CD3-B72D-47B6-A68D-7590B98EB39B}
		{0E4CCB10-D417-4384-94E7-1A6ADFA1DD78} = {827E0CD3-B72D-47B6-A68D-7590B98EB39B}
		{F060CB22-A808-4EB3-A75A-5D9D4E612AAC} = {0AB3BF05-4346-4AA6-1389-037BE0695223}
		{EFEE038B-1E56-4192-9794-46DB03CDFADC} = {0AB3BF05-4346-4AA6-1389-037BE0695223}
		{8C5B9AC4-43E1-4B42-917B-DCB190A67E23} = {0AB3BF05-4346-4AA6-1389-037BE0695223}
	EndGlobalSection
	GlobalSection(ExtensibilityGlobals) = postSolution
		SolutionGuid = {58F16979-619B-4BC3-ADCD-8D21BEBE70DB}
	EndGlobalSection
EndGlobal
